
# THIS IS AN AUTOGENERATED FILE. DO NOT EDIT THIS FILE DIRECTLY.
# yarn lockfile v1


"@babel/code-frame@^7.0.0", "@babel/code-frame@^7.16.0":
  version "7.16.0"
  resolved "https://registry.yarnpkg.com/@babel/code-frame/-/code-frame-7.16.0.tgz#0dfc80309beec8411e65e706461c408b0bb9b431"
  integrity sha512-IF4EOMEV+bfYwOmNxGzSnjR2EmQod7f1UXOpZM3l4i4o4QNwzjtJAu/HxdjHq0aYBvdqMuQEY1eg0nqW9ZPORA==
  dependencies:
    "@babel/highlight" "^7.16.0"

"@babel/compat-data@^7.13.11", "@babel/compat-data@^7.16.0":
  version "7.16.0"
  resolved "https://registry.yarnpkg.com/@babel/compat-data/-/compat-data-7.16.0.tgz#ea269d7f78deb3a7826c39a4048eecda541ebdaa"
  integrity sha512-DGjt2QZse5SGd9nfOSqO4WLJ8NN/oHkijbXbPrxuoJO3oIPJL3TciZs9FX+cOHNiY9E9l0opL8g7BmLe3T+9ew==

"@babel/core@^7.11.0":
  version "7.16.0"
  resolved "https://registry.yarnpkg.com/@babel/core/-/core-7.16.0.tgz#c4ff44046f5fe310525cc9eb4ef5147f0c5374d4"
  integrity sha512-mYZEvshBRHGsIAiyH5PzCFTCfbWfoYbO/jcSdXQSUQu1/pW0xDZAUP7KEc32heqWTAfAHhV9j1vH8Sav7l+JNQ==
  dependencies:
    "@babel/code-frame" "^7.16.0"
    "@babel/generator" "^7.16.0"
    "@babel/helper-compilation-targets" "^7.16.0"
    "@babel/helper-module-transforms" "^7.16.0"
    "@babel/helpers" "^7.16.0"
    "@babel/parser" "^7.16.0"
    "@babel/template" "^7.16.0"
    "@babel/traverse" "^7.16.0"
    "@babel/types" "^7.16.0"
    convert-source-map "^1.7.0"
    debug "^4.1.0"
    gensync "^1.0.0-beta.2"
    json5 "^2.1.2"
    semver "^6.3.0"
    source-map "^0.5.0"

"@babel/generator@^7.16.0":
  version "7.16.0"
  resolved "https://registry.yarnpkg.com/@babel/generator/-/generator-7.16.0.tgz#d40f3d1d5075e62d3500bccb67f3daa8a95265b2"
  integrity sha512-RR8hUCfRQn9j9RPKEVXo9LiwoxLPYn6hNZlvUOR8tSnaxlD0p0+la00ZP9/SnRt6HchKr+X0fO2r8vrETiJGew==
  dependencies:
    "@babel/types" "^7.16.0"